// !$*UTF8*$!
{
	archiveVersion = 1;
	classes = {
	};
	objectVersion = 77;
	objects = {

/* Begin PBXBuildFile section */
		49D7D41F2F79FF9A006C7A11 /* WidgetKit.framework in Frameworks */ = {isa = PBXBuildFile; fileRef = 49D7D41E2F79FF9A006C7A11 /* WidgetKit.framework */; };
		49D7D4212F79FF9A006C7A11 /* SwiftUI.framework in Frameworks */ = {isa = PBXBuildFile; fileRef = 49D7D4202F79FF9A006C7A11 /* SwiftUI.framework */; };
		49D7D4322F79FF9B006C7A11 /* SizesAndOrderWidgetExtension.appex in Embed Foundation Extensions */ = {isa = PBXBuildFile; fileRef = 49D7D41C2F79FF9A006C7A11 /* SizesAndOrderWidgetExtension.appex */; settings = {ATTRIBUTES = (RemoveHeadersOnCopy, ); }; };
/* End PBXBuildFile section */

/* Begin PBXContainerItemProxy section */
		499654A32F79F088008BD197 /* PBXContainerItemProxy */ = {
			isa = PBXContainerItemProxy;
			containerPortal = 499654722F79F087008BD197 /* Project object */;
			proxyType = 1;
			remoteGlobalIDString = 499654792F79F087008BD197;
			remoteInfo = SizesAndOrders;
		};
		49D7D4302F79FF9B006C7A11 /* PBXContainerItemProxy */ = {
			isa = PBXContainerItemProxy;
			containerPortal = 499654722F79F087008BD197 /* Project object */;
			proxyType = 1;
			remoteGlobalIDString = 49D7D41B2F79FF9A006C7A11;
			remoteInfo = SizesAndOrderWidgetExtension;
		};
/* End PBXContainerItemProxy section */

/* Begin PBXCopyFilesBuildPhase section */
		49D7D4372F79FF9B006C7A11 /* Embed Foundation Extensions */ = {
			isa = PBXCopyFilesBuildPhase;
			buildActionMask = 2147483647;
			dstPath = "";
			dstSubfolderSpec = 13;
			files = (
				49D7D4322F79FF9B006C7A11 /* SizesAndOrderWidgetExtension.appex in Embed Foundation Extensions */,
			);
			name = "Embed Foundation Extensions";
			runOnlyForDeploymentPostprocessing = 0;
		};
/* End PBXCopyFilesBuildPhase section */

/* Begin PBXFileReference section */
		4996547A2F79F087008BD197 /* SizesAndOrders.app */ = {isa = PBXFileReference; explicitFileType = wrapper.application; includeInIndex = 0; path = SizesAndOrders.app; sourceTree = BUILT_PRODUCTS_DIR; };
		4996548E2F79F088008BD197 /* SizesAndOrdersTests.xctest */ = {isa = PBXFileReference; explicitFileType = wrapper.cfbundle; includeInIndex = 0; path = SizesAndOrdersTests.xctest; sourceTree = BUILT_PRODUCTS_DIR; };
		49D7D41C2F79FF9A006C7A11 /* SizesAndOrderWidgetExtension.appex */ = {isa = PBXFileReference; explicitFileType = "wrapper.app-extension"; includeInIndex = 0; path = SizesAndOrderWidgetExtension.appex; sourceTree = BUILT_PRODUCTS_DIR; };
		49D7D41E2F79FF9A006C7A11 /* WidgetKit.framework */ = {isa = PBXFileReference; lastKnownFileType = wrapper.framework; name = WidgetKit.framework; path = System/Library/Frameworks/WidgetKit.framework; sourceTree = SDKROOT; };
		49D7D4202F79FF9A006C7A11 /* SwiftUI.framework */ = {isa = PBXFileReference; lastKnownFileType = wrapper.framework; name = SwiftUI.framework; path = System/Library/Frameworks/SwiftUI.framework; sourceTree = SDKROOT; };
/* End PBXFileReference section */

/* Begin PBXFileSystemSynchronizedBuildFileExceptionSet section */
		49D7D4332F79FF9B006C7A11 /* Exceptions for "SizesAndOrderWidget" folder in "SizesAndOrderWidgetExtension" target */ = {
			isa = PBXFileSystemSynchronizedBuildFileExceptionSet;
			membershipExceptions = (
				Info.plist,
			);
			target = 49D7D41B2F79FF9A006C7A11 /* SizesAndOrderWidgetExtension */;
		};
/* End PBXFileSystemSynchronizedBuildFileExceptionSet section */

/* Begin PBXFileSystemSynchronizedRootGroup section */
		4996547C2F79F087008BD197 /* SizesAndOrders */ = {
			isa = PBXFileSystemSynchronizedRootGroup;
			path = SizesAndOrders;
			sourceTree = "<group>";
		};
		4996548F2F79F088008BD197 /* ../SizesAndOrdersTests */ = {
			isa = PBXFileSystemSynchronizedRootGroup;
			path = ../SizesAndOrdersTests;
			sourceTree = "<group>";
		};
		49D7D4222F79FF9A006C7A11 /* SizesAndOrderWidget */ = {
			isa = PBXFileSystemSynchronizedRootGroup;
			exceptions = (
				49D7D4332F79FF9B006C7A11 /* Exceptions for "SizesAndOrderWidget" folder in "SizesAndOrderWidgetExtension" target */,
			);
			path = SizesAndOrderWidget;
			sourceTree = "<group>";
		};
/* End PBXFileSystemSynchronizedRootGroup section */

/* Begin PBXFrameworksBuildPhase section */
		499654772F79F087008BD197 /* Frameworks */ = {
			isa = PBXFrameworksBuildPhase;
			buildActionMask = 2147483647;
			files = (
			);
			runOnlyForDeploymentPostprocessing = 0;
		};
		4996549D2F79F088008BD197 /* Frameworks */ = {
			isa = PBXFrameworksBuildPhase;
			buildActionMask = 2147483647;
			files = (
			);
			runOnlyForDeploymentPostprocessing = 0;
		};
		49D7D4192F79FF9A006C7A11 /* Frameworks */ = {
			isa = PBXFrameworksBuildPhase;
			buildActionMask = 2147483647;
			files = (
				49D7D4212F79FF9A006C7A11 /* SwiftUI.framework in Frameworks */,
				49D7D41F2F79FF9A006C7A11 /* WidgetKit.framework in Frameworks */,
			);
			runOnlyForDeploymentPostprocessing = 0;
		};
/* End PBXFrameworksBuildPhase section */

/* Begin PBXGroup section */
		499654712F79F087008BD197 = {
			isa = PBXGroup;
			children = (
				4996547C2F79F087008BD197 /* SizesAndOrders */,
				4996548F2F79F088008BD197 /* ../SizesAndOrdersTests */,
				49D7D4222F79FF9A006C7A11 /* SizesAndOrderWidget */,
				49D7D41D2F79FF9A006C7A11 /* Frameworks */,
				4996547B2F79F087008BD197 /* Products */,
			);
			sourceTree = "<group>";
		};
		4996547B2F79F087008BD197 /* Products */ = {
			isa = PBXGroup;
			children = (
				4996547A2F79F087008BD197 /* SizesAndOrders.app */,
				4996548E2F79F088008BD197 /* SizesAndOrdersTests.xctest */,
				49D7D41C2F79FF9A006C7A11 /* SizesAndOrderWidgetExtension.appex */,
			);
			name = Products;
			sourceTree = "<group>";
		};
		49D7D41D2F79FF9A006C7A11 /* Frameworks */ = {
			isa = PBXGroup;
			children = (
				49D7D41E2F79FF9A006C7A11 /* WidgetKit.framework */,
				49D7D4202F79FF9A006C7A11 /* SwiftUI.framework */,
			);
			name = Frameworks;
			sourceTree = "<group>";
		};
/* End PBXGroup section */

/* Begin PBXNativeTarget section */
		499654792F79F087008BD197 /* SizesAndOrders */ = {
			isa = PBXNativeTarget;
			buildConfigurationList = 499654852F79F088008BD197 /* Build configuration list for PBXNativeTarget "SizesAndOrders" */;
			buildPhases = (
				499654762F79F087008BD197 /* Sources */,
				499654772F79F087008BD197 /* Frameworks */,
				499654782F79F087008BD197 /* Resources */,
				49D7D4372F79FF9B006C7A11 /* Embed Foundation Extensions */,
			);
			buildRules = (
			);
			dependencies = (
				49D7D4312F79FF9B006C7A11 /* PBXTargetDependency */,
			);
			fileSystemSynchronizedGroups = (
				4996547C2F79F087008BD197 /* SizesAndOrders */,
			);
			name = SizesAndOrders;
			packageProductDependencies = (
			);
			productName = SizesAndOrders;
			productReference = 4996547A2F79F087008BD197 /* SizesAndOrders.app */;
			productType = "com.apple.product-type.application";
		};
		4996549B2F79F088008BD197 /* SizesAndOrdersTests */ = {
			isa = PBXNativeTarget;
			buildConfigurationList = 499654A62F79F088008BD197 /* Build configuration list for PBXNativeTarget "SizesAndOrdersTests" */;
			buildPhases = (
				499654982F79F088008BD197 /* Sources */,
				4996549D2F79F088008BD197 /* Frameworks */,
			);
			buildRules = (
			);
			dependencies = (
				499654A22F79F088008BD197 /* PBXTargetDependency */,
			);
			fileSystemSynchronizedGroups = (
				4996548F2F79F088008BD197 /* ../SizesAndOrdersTests */,
			);
			name = SizesAndOrdersTests;
			packageProductDependencies = (
			);
			productName = SizesAndOrdersTests;
			productReference = 4996548E2F79F088008BD197 /* SizesAndOrdersTests.xctest */;
			productType = "com.apple.product-type.bundle.unit-test";
		};
		49D7D41B2F79FF9A006C7A11 /* SizesAndOrderWidgetExtension */ = {
			isa = PBXNativeTarget;
			buildConfigurationList = 49D7D4342F79FF9B006C7A11 /* Build configuration list for PBXNativeTarget "SizesAndOrderWidgetExtension" */;
			buildPhases = (
				49D7D4182F79FF9A006C7A11 /* Sources */,
				49D7D4192F79FF9A006C7A11 /* Frameworks */,
				49D7D41A2F79FF9A006C7A11 /* Resources */,
			);
			buildRules = (
			);
			dependencies = (
			);
			fileSystemSynchronizedGroups = (
				49D7D4222F79FF9A006C7A11 /* SizesAndOrderWidget */,
			);
			name = SizesAndOrderWidgetExtension;
			packageProductDependencies = (
			);
			productName = SizesAndOrderWidgetExtension;
			productReference = 49D7D41C2F79FF9A006C7A11 /* SizesAndOrderWidgetExtension.appex */;
			productType = "com.apple.product-type.app-extension";
		};
/* End PBXNativeTarget section */

/* Begin PBXProject section */
		499654722F79F087008BD197 /* Project object */ = {
			isa = PBXProject;
			attributes = {
				BuildIndependentTargetsInParallel = 1;
				LastSwiftUpdateCheck = 2640;
				LastUpgradeCheck = 2640;
				TargetAttributes = {
					499654792F79F087008BD197 = {
						CreatedOnToolsVersion = 26.4;
					};
					49D7D41B2F79FF9A006C7A11 = {
						CreatedOnToolsVersion = 26.4;
					};
				};
			};
			buildConfigurationList = 499654752F79F087008BD197 /* Build configuration list for PBXProject "SizesAndOrders" */;
			developmentRegion = en;
			hasScannedForEncodings = 0;
			knownRegions = (
				en,
				Base,
			);
			mainGroup = 499654712F79F087008BD197;
			minimizedProjectReferenceProxies = 1;
			preferredProjectObjectVersion = 77;
			productRefGroup = 4996547B2F79F087008BD197 /* Products */;
			projectDirPath = "";
			projectRoot = "";
			targets = (
				499654792F79F087008BD197 /* SizesAndOrders */,
				4996549B2F79F088008BD197 /* SizesAndOrdersTests */,
				49D7D41B2F79FF9A006C7A11 /* SizesAndOrderWidgetExtension */,
			);
		};
/* End PBXProject section */

/* Begin PBXResourcesBuildPhase section */
		499654782F79F087008BD197 /* Resources */ = {
			isa = PBXResourcesBuildPhase;
			buildActionMask = 2147483647;
			files = (
			);
			runOnlyForDeploymentPostprocessing = 0;
		};
		49D7D41A2F79FF9A006C7A11 /* Resources */ = {
			isa = PBXResourcesBuildPhase;
			buildActionMask = 2147483647;
			files = (
			);
			runOnlyForDeploymentPostprocessing = 0;
		};
/* End PBXResourcesBuildPhase section */

/* Begin PBXSourcesBuildPhase section */
		499654762F79F087008BD197 /* Sources */ = {
			isa = PBXSourcesBuildPhase;
			buildActionMask = 2147483647;
			files = (
			);
			runOnlyForDeploymentPostprocessing = 0;
		};
		499654982F79F088008BD197 /* Sources */ = {
			isa = PBXSourcesBuildPhase;
			buildActionMask = 2147483647;
			files = (
			);
			runOnlyForDeploymentPostprocessing = 0;
		};
		49D7D4182F79FF9A006C7A11 /* Sources */ = {
			isa = PBXSourcesBuildPhase;
			buildActionMask = 2147483647;
			files = (
			);
			runOnlyForDeploymentPostprocessing = 0;
		};
/* End PBXSourcesBuildPhase section */

/* Begin PBXTargetDependency section */
		499654A22F79F088008BD197 /* PBXTargetDependency */ = {
			isa = PBXTargetDependency;
			target = 499654792F79F087008BD197 /* SizesAndOrders */;
			targetProxy = 499654A32F79F088008BD197 /* PBXContainerItemProxy */;
		};
		49D7D4312F79FF9B006C7A11 /* PBXTargetDependency */ = {
			isa = PBXTargetDependency;
			target = 49D7D41B2F79FF9A006C7A11 /* SizesAndOrderWidgetExtension */;
			targetProxy = 49D7D4302F79FF9B006C7A11 /* PBXContainerItemProxy */;
		};
/* End PBXTargetDependency section */

/* Begin XCBuildConfiguration section */
		499654832F79F088008BD197 /* Debug */ = {
			isa = XCBuildConfiguration;
			buildSettings = {
				ALWAYS_SEARCH_USER_PATHS = NO;
				ASSETCATALOG_COMPILER_GENERATE_SWIFT_ASSET_SYMBOL_EXTENSIONS = YES;
				CLANG_ANALYZER_NONNULL = YES;
				CLANG_ANALYZER_NUMBER_OBJECT_CONVERSION = YES_AGGRESSIVE;
				CLANG_CXX_LANGUAGE_STANDARD = "gnu++20";
				CLANG_ENABLE_MODULES = YES;
				CLANG_ENABLE_OBJC_ARC = YES;
				CLANG_ENABLE_OBJC_WEAK = YES;
				CLANG_WARN_BLOCK_CAPTURE_AUTORELEASING = YES;
				CLANG_WARN_BOOL_CONVERSION = YES;
				CLANG_WARN_COMMA = YES;
				CLANG_WARN_CONSTANT_CONVERSION = YES;
				CLANG_WARN_DEPRECATED_OBJC_IMPLEMENTATIONS = YES;
				CLANG_WARN_DIRECT_OBJC_ISA_USAGE = YES_ERROR;
				CLANG_WARN_DOCUMENTATION_COMMENTS = YES;
				CLANG_WARN_EMPTY_BODY = YES;
				CLANG_WARN_ENUM_CONVERSION = YES;
				CLANG_WARN_INFINITE_RECURSION = YES;
				CLANG_WARN_INT_CONVERSION = YES;
				CLANG_WARN_NON_LITERAL_NULL_CONVERSION = YES;
				CLANG_WARN_OBJC_IMPLICIT_RETAIN_SELF = YES;
				CLANG_WARN_OBJC_LITERAL_CONVERSION = YES;
				CLANG_WARN_OBJC_ROOT_CLASS = YES_ERROR;
				CLANG_WARN_QUOTED_INCLUDE_IN_FRAMEWORK_HEADER = YES;
				CLANG_WARN_RANGE_LOOP_ANALYSIS = YES;
				CLANG_WARN_STRICT_PROTOTYPES = YES;
				CLANG_WARN_SUSPICIOUS_MOVE = YES;
				CLANG_WARN_UNGUARDED_AVAILABILITY = YES_AGGRESSIVE;
				CLANG_WARN_UNREACHABLE_CODE = YES;
				CLANG_WARN__DUPLICATE_METHOD_MATCH = YES;
				COPY_PHASE_STRIP = NO;
				DEBUG_INFORMATION_FORMAT = dwarf;
				DEVELOPMENT_TEAM = Z546SJGJH7;
				ENABLE_STRICT_OBJC_MSGSEND = YES;
				ENABLE_TESTABILITY = YES;
				ENABLE_USER_SCRIPT_SANDBOXING = YES;
				GCC_C_LANGUAGE_STANDARD = gnu17;
				GCC_DYNAMIC_NO_PIC = NO;
				GCC_NO_COMMON_BLOCKS = YES;
				GCC_OPTIMIZATION_LEVEL = 0;
				GCC_PREPROCESSOR_DEFINITIONS = (
					"DEBUG=1",
					"$(inherited)",
				);
				GCC_WARN_64_TO_32_BIT_CONVERSION = YES;
				GCC_WARN_ABOUT_RETURN_TYPE = YES_ERROR;
				GCC_WARN_UNDECLARED_SELECTOR = YES;
				GCC_WARN_UNINITIALIZED_AUTOS = YES_AGGRESSIVE;
				GCC_WARN_UNUSED_FUNCTION = YES;
				GCC_WARN_UNUSED_VARIABLE = YES;
				IPHONEOS_DEPLOYMENT_TARGET = 26.4;
				LOCALIZATION_PREFERS_STRING_CATALOGS = YES;
				MTL_ENABLE_DEBUG_INFO = INCLUDE_SOURCE;
				MTL_FAST_MATH = YES;
				ONLY_ACTIVE_ARCH = YES;
				SDKROOT = iphoneos;
				SWIFT_ACTIVE_COMPILATION_CONDITIONS = "DEBUG $(inherited)";
				SWIFT_OPTIMIZATION_LEVEL = "-Onone";
			};
			name = Debug;
		};
		499654842F79F088008BD197 /* Release */ = {
			isa = XCBuildConfiguration;
			buildSettings = {
				ALWAYS_SEARCH_USER_PATHS = NO;
				ASSETCATALOG_COMPILER_GENERATE_SWIFT_ASSET_SYMBOL_EXTENSIONS = YES;
				CLANG_ANALYZER_NONNULL = YES;
				CLANG_ANALYZER_NUMBER_OBJECT_CONVERSION = YES_AGGRESSIVE;
				CLANG_CXX_LANGUAGE_STANDARD = "gnu++20";
				CLANG_ENABLE_MODULES = YES;
				CLANG_ENABLE_OBJC_ARC = YES;
				CLANG_ENABLE_OBJC_WEAK = YES;
				CLANG_WARN_BLOCK_CAPTURE_AUTORELEASING = YES;
				CLANG_WARN_BOOL_CONVERSION = YES;
				CLANG_WARN_COMMA = YES;
				CLANG_WARN_CONSTANT_CONVERSION = YES;
				CLANG_WARN_DEPRECATED_OBJC_IMPLEMENTATIONS = YES;
				CLANG_WARN_DIRECT_OBJC_ISA_USAGE = YES_ERROR;
				CLANG_WARN_DOCUMENTATION_COMMENTS = YES;
				CLANG_WARN_EMPTY_BODY = YES;
				CLANG_WARN_ENUM_CONVERSION = YES;
				CLANG_WARN_INFINITE_RECURSION = YES;
				CLANG_WARN_INT_CONVERSION = YES;
				CLANG_WARN_NON_LITERAL_NULL_CONVERSION = YES;
				CLANG_WARN_OBJC_IMPLICIT_RETAIN_SELF = YES;
				CLANG_WARN_OBJC_LITERAL_CONVERSION = YES;
				CLANG_WARN_OBJC_ROOT_CLASS = YES_ERROR;
				CLANG_WARN_QUOTED_INCLUDE_IN_FRAMEWORK_HEADER = YES;
				CLANG_WARN_RANGE_LOOP_ANALYSIS = YES;
				CLANG_WARN_STRICT_PROTOTYPES = YES;
				CLANG_WARN_SUSPICIOUS_MOVE = YES;
				CLANG_WARN_UNGUARDED_AVAILABILITY = YES_AGGRESSIVE;
				CLANG_WARN_UNREACHABLE_CODE = YES;
				CLANG_WARN__DUPLICATE_METHOD_MATCH = YES;
				COPY_PHASE_STRIP = NO;
				DEBUG_INFORMATION_FORMAT = "dwarf-with-dsym";
				DEVELOPMENT_TEAM = Z546SJGJH7;
				ENABLE_NS_ASSERTIONS = NO;
				ENABLE_STRICT_OBJC_MSGSEND = YES;
				ENABLE_USER_SCRIPT_SANDBOXING = YES;
				GCC_C_LANGUAGE_STANDARD = gnu17;
				GCC_NO_COMMON_BLOCKS = YES;
				GCC_WARN_64_TO_32_BIT_CONVERSION = YES;
				GCC_WARN_ABOUT_RETURN_TYPE = YES_ERROR;
				GCC_WARN_UNDECLARED_SELECTOR = YES;
				GCC_WARN_UNINITIALIZED_AUTOS = YES_AGGRESSIVE;
				GCC_WARN_UNUSED_FUNCTION = YES;
				GCC_WARN_UNUSED_VARIABLE = YES;
				IPHONEOS_DEPLOYMENT_TARGET = 26.4;
				LOCALIZATION_PREFERS_STRING_CATALOGS = YES;
				MTL_ENABLE_DEBUG_INFO = NO;
				MTL_FAST_MATH = YES;
				SDKROOT = iphoneos;
				SWIFT_COMPILATION_MODE = wholemodule;
				VALIDATE_PRODUCT = YES;
			};
			name = Release;
		};
		499654862F79F088008BD197 /* Debug */ = {
			isa = XCBuildConfiguration;
			buildSettings = {
				ASSETCATALOG_COMPILER_APPICON_NAME = AppIcon;
				ASSETCATALOG_COMPILER_GLOBAL_ACCENT_COLOR_NAME = AccentColor;
				CODE_SIGN_STYLE = Automatic;
				CURRENT_PROJECT_VERSION = 1;
				DEVELOPMENT_TEAM = Z546SJGJH7;
				ENABLE_PREVIEWS = YES;
				GENERATE_INFOPLIST_FILE = YES;
				INFOPLIST_KEY_CFBundleDisplayName = Cue;
				INFOPLIST_KEY_NSFaceIDUsageDescription = "We use Face ID for secure login";
				INFOPLIST_KEY_UIApplicationSceneManifest_Generation = YES;
				INFOPLIST_KEY_UIApplicationSupportsIndirectInputEvents = YES;
				INFOPLIST_KEY_UILaunchScreen_Generation = YES;
				INFOPLIST_KEY_UISupportedInterfaceOrientations_iPad = "UIInterfaceOrientationPortrait UIInterfaceOrientationPortraitUpsideDown UIInterfaceOrientationLandscapeLeft UIInterfaceOrientationLandscapeRight";
				INFOPLIST_KEY_UISupportedInterfaceOrientations_iPhone = "UIInterfaceOrientationPortrait UIInterfaceOrientationLandscapeLeft UIInterfaceOrientationLandscapeRight";
				IPHONEOS_DEPLOYMENT_TARGET = 18.6;
				LD_RUNPATH_SEARCH_PATHS = (
					"$(inherited)",
					"@executable_path/Frameworks",
				);
				MARKETING_VERSION = 1.0;
				PRODUCT_BUNDLE_IDENTIFIER = rupeshPersonal.SizesAndOrders;
				PRODUCT_NAME = "$(TARGET_NAME)";
				STRING_CATALOG_GENERATE_SYMBOLS = YES;
				SWIFT_APPROACHABLE_CONCURRENCY = YES;
				SWIFT_DEFAULT_ACTOR_ISOLATION = MainActor;
				SWIFT_EMIT_LOC_STRINGS = YES;
				SWIFT_UPCOMING_FEATURE_MEMBER_IMPORT_VISIBILITY = YES;
				SWIFT_VERSION = 5.0;
				TARGETED_DEVICE_FAMILY = "1,2";
			};
			name = Debug;
		};
		499654872F79F088008BD197 /* Release */ = {
			isa = XCBuildConfiguration;
			buildSettings = {
				ASSETCATALOG_COMPILER_APPICON_NAME = AppIcon;
				ASSETCATALOG_COMPILER_GLOBAL_ACCENT_COLOR_NAME = AccentColor;
				CODE_SIGN_STYLE = Automatic;
				CURRENT_PROJECT_VERSION = 1;
				DEVELOPMENT_TEAM = Z546SJGJH7;
				ENABLE_PREVIEWS = YES;
				GENERATE_INFOPLIST_FILE = YES;
				INFOPLIST_KEY_CFBundleDisplayName = Cue;
				INFOPLIST_KEY_NSFaceIDUsageDescription = "We use Face ID for secure login";
				INFOPLIST_KEY_UIApplicationSceneManifest_Generation = YES;
				INFOPLIST_KEY_UIApplicationSupportsIndirectInputEvents = YES;
				INFOPLIST_KEY_UILaunchScreen_Generation = YES;
				INFOPLIST_KEY_UISupportedInterfaceOrientations_iPad = "UIInterfaceOrientationPortrait UIInterfaceOrientationPortraitUpsideDown UIInterfaceOrientationLandscapeLeft UIInterfaceOrientationLandscapeRight";
				INFOPLIST_KEY_UISupportedInterfaceOrientations_iPhone = "UIInterfaceOrientationPortrait UIInterfaceOrientationLandscapeLeft UIInterfaceOrientationLandscapeRight";
				IPHONEOS_DEPLOYMENT_TARGET = 18.6;
				LD_RUNPATH_SEARCH_PATHS = (
					"$(inherited)",
					"@executable_path/Frameworks",
				);
				MARKETING_VERSION = 1.0;
				PRODUCT_BUNDLE_IDENTIFIER = rupeshPersonal.SizesAndOrders;
				PRODUCT_NAME = "$(TARGET_NAME)";
				STRING_CATALOG_GENERATE_SYMBOLS = YES;
				SWIFT_APPROACHABLE_CONCURRENCY = YES;
				SWIFT_DEFAULT_ACTOR_ISOLATION = MainActor;
				SWIFT_EMIT_LOC_STRINGS = YES;
				SWIFT_UPCOMING_FEATURE_MEMBER_IMPORT_VISIBILITY = YES;
				SWIFT_VERSION = 5.0;
				TARGETED_DEVICE_FAMILY = "1,2";
			};
			name = Release;
		};
		499654A42F79F088008BD197 /* Debug */ = {
			isa = XCBuildConfiguration;
			buildSettings = {
				BUNDLE_LOADER = "$(TEST_HOST)";
				CODE_SIGN_STYLE = Automatic;
				CURRENT_PROJECT_VERSION = 1;
				DEVELOPMENT_TEAM = Z546SJGJH7;
				GENERATE_INFOPLIST_FILE = YES;
				IPHONEOS_DEPLOYMENT_TARGET = 26.4;
				LD_RUNPATH_SEARCH_PATHS = (
					"$(inherited)",
					"@executable_path/Frameworks",
					"@loader_path/Frameworks",
				);
				MARKETING_VERSION = 1.0;
				PRODUCT_BUNDLE_IDENTIFIER = rupeshPersonal.SizesAndOrdersTests;
				PRODUCT_NAME = "$(TARGET_NAME)";
				SWIFT_APPROACHABLE_CONCURRENCY = YES;
				SWIFT_DEFAULT_ACTOR_ISOLATION = MainActor;
				SWIFT_EMIT_LOC_STRINGS = NO;
				SWIFT_UPCOMING_FEATURE_MEMBER_IMPORT_VISIBILITY = YES;
				SWIFT_VERSION = 5.0;
				TARGETED_DEVICE_FAMILY = "1,2";
				TEST_HOST = "$(BUILT_PRODUCTS_DIR)/SizesAndOrders.app/SizesAndOrders";
			};
			name = Debug;
		};
		499654A52F79F088008BD197 /* Release */ = {
			isa = XCBuildConfiguration;
			buildSettings = {
				BUNDLE_LOADER = "$(TEST_HOST)";
				CODE_SIGN_STYLE = Automatic;
				CURRENT_PROJECT_VERSION = 1;
				DEVELOPMENT_TEAM = Z546SJGJH7;
				GENERATE_INFOPLIST_FILE = YES;
				IPHONEOS_DEPLOYMENT_TARGET = 26.4;
				LD_RUNPATH_SEARCH_PATHS = (
					"$(inherited)",
					"@executable_path/Frameworks",
					"@loader_path/Frameworks",
				);
				MARKETING_VERSION = 1.0;
				PRODUCT_BUNDLE_IDENTIFIER = rupeshPersonal.SizesAndOrdersTests;
				PRODUCT_NAME = "$(TARGET_NAME)";
				SWIFT_APPROACHABLE_CONCURRENCY = YES;
				SWIFT_DEFAULT_ACTOR_ISOLATION = MainActor;
				SWIFT_EMIT_LOC_STRINGS = NO;
				SWIFT_UPCOMING_FEATURE_MEMBER_IMPORT_VISIBILITY = YES;
				SWIFT_VERSION = 5.0;
				TARGETED_DEVICE_FAMILY = "1,2";
				TEST_HOST = "$(BUILT_PRODUCTS_DIR)/SizesAndOrders.app/SizesAndOrders";
			};
			name = Release;
		};
		49D7D4352F79FF9B006C7A11 /* Debug */ = {
			isa = XCBuildConfiguration;
			buildSettings = {
				ASSETCATALOG_COMPILER_GLOBAL_ACCENT_COLOR_NAME = AccentColor;
				ASSETCATALOG_COMPILER_WIDGET_BACKGROUND_COLOR_NAME = WidgetBackground;
				CODE_SIGN_STYLE = Automatic;
				CURRENT_PROJECT_VERSION = 1;
				DEVELOPMENT_TEAM = Z546SJGJH7;
				GENERATE_INFOPLIST_FILE = YES;
				INFOPLIST_FILE = SizesAndOrderWidget/Info.plist;
				INFOPLIST_KEY_CFBundleDisplayName = SizesAndOrderWidget;
				INFOPLIST_KEY_NSHumanReadableCopyright = "";
				LD_RUNPATH_SEARCH_PATHS = (
					"$(inherited)",
					"@executable_path/Frameworks",
					"@executable_path/../../Frameworks",
				);
				MARKETING_VERSION = 1.0;
				PRODUCT_BUNDLE_IDENTIFIER = rupeshPersonal.SizesAndOrders.SizesAndOrderWidget;
				PRODUCT_NAME = "$(TARGET_NAME)";
				SKIP_INSTALL = YES;
				STRING_CATALOG_GENERATE_SYMBOLS = YES;
				SWIFT_APPROACHABLE_CONCURRENCY = YES;
				SWIFT_EMIT_LOC_STRINGS = YES;
				SWIFT_UPCOMING_FEATURE_MEMBER_IMPORT_VISIBILITY = YES;
				SWIFT_VERSION = 5.0;
				TARGETED_DEVICE_FAMILY = "1,2";
			};
			name = Debug;
		};
		49D7D4362F79FF9B006C7A11 /* Release */ = {
			isa = XCBuildConfiguration;
			buildSettings = {
				ASSETCATALOG_COMPILER_GLOBAL_ACCENT_COLOR_NAME = AccentColor;
				ASSETCATALOG_COMPILER_WIDGET_BACKGROUND_COLOR_NAME = WidgetBackground;
				CODE_SIGN_STYLE = Automatic;
				CURRENT_PROJECT_VERSION = 1;
				DEVELOPMENT_TEAM = Z546SJGJH7;
				GENERATE_INFOPLIST_FILE = YES;
				INFOPLIST_FILE = SizesAndOrderWidget/Info.plist;
				INFOPLIST_KEY_CFBundleDisplayName = SizesAndOrderWidget;
				INFOPLIST_KEY_NSHumanReadableCopyright = "";
				LD_RUNPATH_SEARCH_PATHS = (
					"$(inherited)",
					"@executable_path/Frameworks",
					"@executable_path/../../Frameworks",
				);
				MARKETING_VERSION = 1.0;
				PRODUCT_BUNDLE_IDENTIFIER = rupeshPersonal.SizesAndOrders.SizesAndOrderWidget;
				PRODUCT_NAME = "$(TARGET_NAME)";
				SKIP_INSTALL = YES;
				STRING_CATALOG_GENERATE_SYMBOLS = YES;
				SWIFT_APPROACHABLE_CONCURRENCY = YES;
				SWIFT_EMIT_LOC_STRINGS = YES;
				SWIFT_UPCOMING_FEATURE_MEMBER_IMPORT_VISIBILITY = YES;
				SWIFT_VERSION = 5.0;
				TARGETED_DEVICE_FAMILY = "1,2";
			};
			name = Release;
		};
/* End XCBuildConfiguration section */

/* Begin XCConfigurationList section */
		499654752F79F087008BD197 /* Build configuration list for PBXProject "SizesAndOrders" */ = {
			isa = XCConfigurationList;
			buildConfigurations = (
				499654832F79F088008BD197 /* Debug */,
				499654842F79F088008BD197 /* Release */,
			);
			defaultConfigurationIsVisible = 0;
			defaultConfigurationName = Release;
		};
		499654852F79F088008BD197 /* Build configuration list for PBXNativeTarget "SizesAndOrders" */ = {
			isa = XCConfigurationList;
			buildConfigurations = (
				499654862F79F088008BD197 /* Debug */,
				499654872F79F088008BD197 /* Release */,
			);
			defaultConfigurationIsVisible = 0;
			defaultConfigurationName = Release;
		};
		499654A62F79F088008BD197 /* Build configuration list for PBXNativeTarget "SizesAndOrdersTests" */ = {
			isa = XCConfigurationList;
			buildConfigurations = (
				499654A42F79F088008BD197 /* Debug */,
				499654A52F79F088008BD197 /* Release */,
			);
			defaultConfigurationIsVisible = 0;
			defaultConfigurationName = Release;
		};
		49D7D4342F79FF9B006C7A11 /* Build configuration list for PBXNativeTarget "SizesAndOrderWidgetExtension" */ = {
			isa = XCConfigurationList;
			buildConfigurations = (
				49D7D4352F79FF9B006C7A11 /* Debug */,
				49D7D4362F79FF9B006C7A11 /* Release */,
			);
			defaultConfigurationIsVisible = 0;
			defaultConfigurationName = Release;
		};
/* End XCConfigurationList section */
	};
	rootObject = 499654722F79F087008BD197 /* Project object */;
}
